
Microsoft Visual Studio Solution File, Format Version 12.00
# Visual Studio Version 17
VisualStudioVersion = 17.7.34221.43
MinimumVisualStudioVersion = 10.0.40219.1
Project("{FAE04EC0-301F-11D3-BF4B-00C04F79EFBC}") = "AssesmentProjectPhase3", "AssesmentProjectPhase3.csproj", "{77E7E287-A5B3-40FF-85BC-401D8797D977}"
EndProject
Global
	GlobalSection(SolutionConfigurationPlatforms) = preSolution
		Debug|Any CPU = Debug|Any CPU
		Release|Any CPU = Release|Any CPU
	EndGlobalSection
	GlobalSection(ProjectConfigurationPlatforms) = postSolution
		{77E7E287-A5B3-40FF-85BC-401D8797D977}.Debug|Any CPU.ActiveCfg = Debug|Any CPU
		{77E7E287-A5B3-40FF-85BC-401D8797D977}.Debug|Any CPU.Build.0 = Debug|Any CPU
		{77E7E287-A5B3-40FF-85BC-401D8797D977}.Release|Any CPU.ActiveCfg = Release|Any CPU
		{77E7E287-A5B3-40FF-85BC-401D8797D977}.Release|Any CPU.Build.0 = Release|Any CPU
	EndGlobalSection
	GlobalSection(SolutionProperties) = preSolution
		HideSolutionNode = FALSE
	EndGlobalSection
	GlobalSection(ExtensibilityGlobals) = postSolution
		SolutionGuid = {970E9A49-7508-4292-A8CE-5C9116284AE6}
	EndGlobalSection
EndGlobal
